
Microsoft Visual Studio Solution File, Format Version 12.00
# Visual Studio Version 16
VisualStudioVersion = 16.0.31424.327
MinimumVisualStudioVersion = 10.0.40219.1
Project("{FAE04EC0-301F-11D3-BF4B-00C04F79EFBC}") = "Error404_Web", "Error404_Web\Error404_Web.csproj", "{1D4272C4-AA6D-4BC1-AA4D-62170761F44F}"
EndProject
Global
	GlobalSection(SolutionConfigurationPlatforms) = preSolution
		Debug|Any CPU = Debug|Any CPU
		Release|Any CPU = Release|Any CPU
	EndGlobalSection
	GlobalSection(ProjectConfigurationPlatforms) = postSolution
		{1D4272C4-AA6D-4BC1-AA4D-62170761F44F}.Debug|Any CPU.ActiveCfg = Debug|Any CPU
		{1D4272C4-AA6D-4BC1-AA4D-62170761F44F}.Debug|Any CPU.Build.0 = Debug|Any CPU
		{1D4272C4-AA6D-4BC1-AA4D-62170761F44F}.Release|Any CPU.ActiveCfg = Release|Any CPU
		{1D4272C4-AA6D-4BC1-AA4D-62170761F44F}.Release|Any CPU.Build.0 = Release|Any CPU
	EndGlobalSection
	GlobalSection(SolutionProperties) = preSolution
		HideSolutionNode = FALSE
	EndGlobalSection
	GlobalSection(ExtensibilityGlobals) = postSolution
		SolutionGuid = {0BB63C12-5941-42E2-A178-5B16800B541F}
	EndGlobalSection
EndGlobal
